// !$*UTF8*$!
{
	archiveVersion = 1;
	classes = {
	};
	objectVersion = 46;
	objects = {

/* Begin PBXBuildFile section */
		152199DF1D7B54050009BC64 /* AppDelegate.swift in Sources */ = {isa = PBXBuildFile; fileRef = 152199DE1D7B54050009BC64 /* AppDelegate.swift */; };
		152199E11D7B54050009BC64 /* ViewController.swift in Sources */ = {isa = PBXBuildFile; fileRef = 152199E01D7B54050009BC64 /* ViewController.swift */; };
		152199E41D7B54050009BC64 /* Main.storyboard in Resources */ = {isa = PBXBuildFile; fileRef = 152199E21D7B54050009BC64 /* Main.storyboard */; };
		152199E71D7B54050009BC64 /* MemeMe.xcdatamodeld in Sources */ = {isa = PBXBuildFile; fileRef = 152199E51D7B54050009BC64 /* MemeMe.xcdatamodeld */; };
		152199E91D7B54050009BC64 /* Assets.xcassets in Resources */ = {isa = PBXBuildFile; fileRef = 152199E81D7B54050009BC64 /* Assets.xcassets */; };
		152199EC1D7B54050009BC64 /* LaunchScreen.storyboard in Resources */ = {isa = PBXBuildFile; fileRef = 152199EA1D7B54050009BC64 /* LaunchScreen.storyboard */; };
/* End PBXBuildFile section */

/* Begin PBXFileReference section */
		152199DB1D7B54050009BC64 /* MemeMe.app */ = {isa = PBXFileReference; explicitFileType = wrapper.application; includeInIndex = 0; path = MemeMe.app; sourceTree = BUILT_PRODUCTS_DIR; };
		152199DE1D7B54050009BC64 /* AppDelegate.swift */ = {isa = PBXFileReference; lastKnownFileType = sourcecode.swift; path = AppDelegate.swift; sourceTree = "<group>"; };
		152199E01D7B54050009BC64 /* ViewController.swift */ = {isa = PBXFileReference; lastKnownFileType = sourcecode.swift; path = ViewController.swift; sourceTree = "<group>"; };
		152199E31D7B54050009BC64 /* Base */ = {isa = PBXFileReference; lastKnownFileType = file.storyboard; name = Base; path = Base.lproj/Main.storyboard; sourceTree = "<group>"; };
		152199E61D7B54050009BC64 /* MemeMe.xcdatamodel */ = {isa = PBXFileReference; lastKnownFileType = wrapper.xcdatamodel; path = MemeMe.xcdatamodel; sourceTree = "<group>"; };
		152199E81D7B54050009BC64 /* Assets.xcassets */ = {isa = PBXFileReference; lastKnownFileType = folder.assetcatalog; path = Assets.xcassets; sourceTree = "<group>"; };
		152199EB1D7B54050009BC64 /* Base */ = {isa = PBXFileReference; lastKnownFileType = file.storyboard; name = Base; path = Base.lproj/LaunchScreen.storyboard; sourceTree = "<group>"; };
		152199ED1D7B54050009BC64 /* Info.plist */ = {isa = PBXFileReference; lastKnownFileType = text.plist.xml; path = Info.plist; sourceTree = "<group>"; };
/* End PBXFileReference section */

/* Begin PBXFrameworksBuildPhase section */
		152199D81D7B54050009BC64 /* Frameworks */ = {
			isa = PBXFrameworksBuildPhase;
			buildActionMask = 2147483647;
			files = (
			);
			runOnlyForDeploymentPostprocessing = 0;
		};
/* End PBXFrameworksBuildPhase section */

/* Begin PBXGroup section */
		152199D21D7B54050009BC64 = {
			isa = PBXGroup;
			children = (
				152199DD1D7B54050009BC64 /* MemeMe */,
				152199DC1D7B54050009BC64 /* Products */,
			);
			sourceTree = "<group>";
		};
		152199DC1D7B54050009BC64 /* Products */ = {
			isa = PBXGroup;
			children = (
				152199DB1D7B54050009BC64 /* MemeMe.app */,
			);
			name = Products;
			sourceTree = "<group>";
		};
		152199DD1D7B54050009BC64 /* MemeMe */ = {
			isa = PBXGroup;
			children = (
				152199DE1D7B54050009BC64 /* AppDelegate.swift */,
				152199E01D7B54050009BC64 /* ViewController.swift */,
				152199E21D7B54050009BC64 /* Main.storyboard */,
				152199E81D7B54050009BC64 /* Assets.xcassets */,
				152199EA1D7B54050009BC64 /* LaunchScreen.storyboard */,
				152199ED1D7B54050009BC64 /* Info.plist */,
				152199E51D7B54050009BC64 /* MemeMe.xcdatamodeld */,
			);
			path = MemeMe;
			sourceTree = "<group>";
		};
/* End PBXGroup section */

/* Begin PBXNativeTarget section */
		152199DA1D7B54050009BC64 /* MemeMe */ = {
			isa = PBXNativeTarget;
			buildConfigurationList = 152199F01D7B54050009BC64 /* Build configuration list for PBXNativeTarget "MemeMe" */;
			buildPhases = (
				152199D71D7B54050009BC64 /* Sources */,
				152199D81D7B54050009BC64 /* Frameworks */,
				152199D91D7B54050009BC64 /* Resources */,
			);
			buildRules = (
			);
			dependencies = (
			);
			name = MemeMe;
			productName = MemeMe;
			productReference = 152199DB1D7B54050009BC64 /* MemeMe.app */;
			productType = "com.apple.product-type.application";
		};
/* End PBXNativeTarget section */

/* Begin PBXProject section */
		152199D31D7B54050009BC64 /* Project object */ = {
			isa = PBXProject;
			attributes = {
				LastSwiftUpdateCheck = 0730;
				LastUpgradeCheck = 0730;
				ORGANIZATIONNAME = dumpstertree;
				TargetAttributes = {
					152199DA1D7B54050009BC64 = {
						CreatedOnToolsVersion = 7.3.1;
						DevelopmentTeam = 78C48PW3C4;
					};
				};
			};
			buildConfigurationList = 152199D61D7B54050009BC64 /* Build configuration list for PBXProject "MemeMe" */;
			compatibilityVersion = "Xcode 3.2";
			developmentRegion = English;
			hasScannedForEncodings = 0;
			knownRegions = (
				en,
				Base,
			);
			mainGroup = 152199D21D7B54050009BC64;
			productRefGroup = 152199DC1D7B54050009BC64 /* Products */;
			projectDirPath = "";
			projectRoot = "";
			targets = (
				152199DA1D7B54050009BC64 /* MemeMe */,
			);
		};
/* End PBXProject section */

/* Begin PBXResourcesBuildPhase section */
		152199D91D7B54050009BC64 /* Resources */ = {
			isa = PBXResourcesBuildPhase;
			buildActionMask = 2147483647;
			files = (
				152199EC1D7B54050009BC64 /* LaunchScreen.storyboard in Resources */,
				152199E91D7B54050009BC64 /* Assets.xcassets in Resources */,
				152199E41D7B54050009BC64 /* Main.storyboard in Resources */,
			);
			runOnlyForDeploymentPostprocessing = 0;
		};
/* End PBXResourcesBuildPhase section */

/* Begin PBXSourcesBuildPhase section */
		152199D71D7B54050009BC64 /* Sources */ = {
			isa = PBXSourcesBuildPhase;
			buildActionMask = 2147483647;
			files = (
				152199E71D7B54050009BC64 /* MemeMe.xcdatamodeld in Sources */,
				152199E11D7B54050009BC64 /* ViewController.swift in Sources */,
				152199DF1D7B54050009BC64 /* AppDelegate.swift in Sources */,
			);
			runOnlyForDeploymentPostprocessing = 0;
		};
/* End PBXSourcesBuildPhase section */

/* Begin PBXVariantGroup section */
		152199E21D7B54050009BC64 /* Main.storyboard */ = {
			isa = PBXVariantGroup;
			children = (
				152199E31D7B54050009BC64 /* Base */,
			);
			name = Main.storyboard;
			sourceTree = "<group>";
		};
		152199EA1D7B54050009BC64 /* LaunchScreen.storyboard */ = {
			isa = PBXVariantGroup;
			children = (
				152199EB1D7B54050009BC64 /* Base */,
			);
			name = LaunchScreen.storyboard;
			sourceTree = "<group>";
		};
/* End PBXVariantGroup section */

/* Begin XCBuildConfiguration section */
		152199EE1D7B54050009BC64 /* Debug */ = {
			isa = XCBuildConfiguration;
			buildSettings = {
				ALWAYS_SEARCH_USER_PATHS = NO;
				CLANG_ANALYZER_NONNULL = YES;
				CLANG_CXX_LANGUAGE_STANDARD = "gnu++0x";
				CLANG_CXX_LIBRARY = "libc++";
				CLANG_ENABLE_MODULES = YES;
				CLANG_ENABLE_OBJC_ARC = YES;
				CLANG_WARN_BOOL_CONVERSION = YES;
				CLANG_WARN_CONSTANT_CONVERSION = YES;
				CLANG_WARN_DIRECT_OBJC_ISA_USAGE = YES_ERROR;
				CLANG_WARN_EMPTY_BODY = YES;
				CLANG_WARN_ENUM_CONVERSION = YES;
				CLANG_WARN_INT_CONVERSION = YES;
				CLANG_WARN_OBJC_ROOT_CLASS = YES_ERROR;
				CLANG_WARN_UNREACHABLE_CODE = YES;
				CLANG_WARN__DUPLICATE_METHOD_MATCH = YES;
				"CODE_SIGN_IDENTITY[sdk=iphoneos*]" = "iPhone Developer";
				COPY_PHASE_STRIP = NO;
				DEBUG_INFORMATION_FORMAT = dwarf;
				ENABLE_STRICT_OBJC_MSGSEND = YES;
				ENABLE_TESTABILITY = YES;
				GCC_C_LANGUAGE_STANDARD = gnu99;
				GCC_DYNAMIC_NO_PIC = NO;
				GCC_NO_COMMON_BLOCKS = YES;
				GCC_OPTIMIZATION_LEVEL = 0;
				GCC_PREPROCESSOR_DEFINITIONS = (
					"DEBUG=1",
					"$(inherited)",
				);
				GCC_WARN_64_TO_32_BIT_CONVERSION = YES;
				GCC_WARN_ABOUT_RETURN_TYPE = YES_ERROR;
				GCC_WARN_UNDECLARED_SELECTOR = YES;
				GCC_WARN_UNINITIALIZED_AUTOS = YES_AGGRESSIVE;
				GCC_WARN_UNUSED_FUNCTION = YES;
				GCC_WARN_UNUSED_VARIABLE = YES;
				IPHONEOS_DEPLOYMENT_TARGET = 9.3;
				MTL_ENABLE_DEBUG_INFO = YES;
				ONLY_ACTIVE_ARCH = YES;
				SDKROOT = iphoneos;
				SWIFT_OPTIMIZATION_LEVEL = "-Onone";
				TARGETED_DEVICE_FAMILY = "1,2";
			};
			name = Debug;
		};
		152199EF1D7B54050009BC64 /* Release */ = {
			isa = XCBuildConfiguration;
			buildSettings = {
				ALWAYS_SEARCH_USER_PATHS = NO;
				CLANG_ANALYZER_NONNULL = YES;
				CLANG_CXX_LANGUAGE_STANDARD = "gnu++0x";
				CLANG_CXX_LIBRARY = "libc++";
				CLANG_ENABLE_MODULES = YES;
				CLANG_ENABLE_OBJC_ARC = YES;
				CLANG_WARN_BOOL_CONVERSION = YES;
				CLANG_WARN_CONSTANT_CONVERSION = YES;
				CLANG_WARN_DIRECT_OBJC_ISA_USAGE = YES_ERROR;
				CLANG_WARN_EMPTY_BODY = YES;
				CLANG_WARN_ENUM_CONVERSION = YES;
				CLANG_WARN_INT_CONVERSION = YES;
				CLANG_WARN_OBJC_ROOT_CLASS = YES_ERROR;
				CLANG_WARN_UNREACHABLE_CODE = YES;
				CLANG_WARN__DUPLICATE_METHOD_MATCH = YES;
				"CODE_SIGN_IDENTITY[sdk=iphoneos*]" = "iPhone Developer";
				COPY_PHASE_STRIP = NO;
				DEBUG_INFORMATION_FORMAT = "dwarf-with-dsym";
				ENABLE_NS_ASSERTIONS = NO;
				ENABLE_STRICT_OBJC_MSGSEND = YES;
				GCC_C_LANGUAGE_STANDARD = gnu99;
				GCC_NO_COMMON_BLOCKS = YES;
				GCC_WARN_64_TO_32_BIT_CONVERSION = YES;
				GCC_WARN_ABOUT_RETURN_TYPE = YES_ERROR;
				GCC_WARN_UNDECLARED_SELECTOR = YES;
				GCC_WARN_UNINITIALIZED_AUTOS = YES_AGGRESSIVE;
				GCC_WARN_UNUSED_FUNCTION = YES;
				GCC_WARN_UNUSED_VARIABLE = YES;
				IPHONEOS_DEPLOYMENT_TARGET = 9.3;
				MTL_ENABLE_DEBUG_INFO = NO;
				SDKROOT = iphoneos;
				TARGETED_DEVICE_FAMILY = "1,2";
				VALIDATE_PRODUCT = YES;
			};
			name = Release;
		};
		152199F11D7B54050009BC64 /* Debug */ = {
			isa = XCBuildConfiguration;
			buildSettings = {
				ASSETCATALOG_COMPILER_APPICON_NAME = AppIcon;
				INFOPLIST_FILE = MemeMe/Info.plist;
				LD_RUNPATH_SEARCH_PATHS = "$(inherited) @executable_path/Frameworks";
				PRODUCT_BUNDLE_IDENTIFIER = com.dumpstertree.MemeMe;
				PRODUCT_NAME = "$(TARGET_NAME)";
			};
			name = Debug;
		};
		152199F21D7B54050009BC64 /* Release */ = {
			isa = XCBuildConfiguration;
			buildSettings = {
				ASSETCATALOG_COMPILER_APPICON_NAME = AppIcon;
				INFOPLIST_FILE = MemeMe/Info.plist;
				LD_RUNPATH_SEARCH_PATHS = "$(inherited) @executable_path/Frameworks";
				PRODUCT_BUNDLE_IDENTIFIER = com.dumpstertree.MemeMe;
				PRODUCT_NAME = "$(TARGET_NAME)";
			};
			name = Release;
		};
/* End XCBuildConfiguration section */

/* Begin XCConfigurationList section */
		152199D61D7B54050009BC64 /* Build configuration list for PBXProject "MemeMe" */ = {
			isa = XCConfigurationList;
			buildConfigurations = (
				152199EE1D7B54050009BC64 /* Debug */,
				152199EF1D7B54050009BC64 /* Release */,
			);
			defaultConfigurationIsVisible = 0;
			defaultConfigurationName = Release;
		};
		152199F01D7B54050009BC64 /* Build configuration list for PBXNativeTarget "MemeMe" */ = {
			isa = XCConfigurationList;
			buildConfigurations = (
				152199F11D7B54050009BC64 /* Debug */,
				152199F21D7B54050009BC64 /* Release */,
			);
			defaultConfigurationIsVisible = 0;
		};
/* End XCConfigurationList section */

/* Begin XCVersionGroup section */
		152199E51D7B54050009BC64 /* MemeMe.xcdatamodeld */ = {
			isa = XCVersionGroup;
			children = (
				152199E61D7B54050009BC64 /* MemeMe.xcdatamodel */,
			);
			currentVersion = 152199E61D7B54050009BC64 /* MemeMe.xcdatamodel */;
			path = MemeMe.xcdatamodeld;
			sourceTree = "<group>";
			versionGroupType = wrapper.xcdatamodel;
		};
/* End XCVersionGroup section */
	};
	rootObject = 152199D31D7B54050009BC64 /* Project object */;
}
